{
  "name": "knowledgeHub",
  "lockfileVersion": 2,
  "requires": true,
  "packages": {
    "": {
      "dependencies": {
        "highcharts": "^10.2.1",
        "ionicons-npm": "^2.0.1",
        "jquery": "^3.6.1",
        "jquery-autocomplete": "^1.2.8",
        "select2": "^4.1.0-rc.0",
        "sweetalert2": "^11.6.16",
        "tinymce": "^6.3.1"
      }
    },
    "node_modules/highcharts": {
      "version": "10.2.1",
      "resolved": "https://registry.npmjs.org/highcharts/-/highcharts-10.2.1.tgz",
      "integrity": "sha512-4QwLQwWc0XdBHXc2Uy6IJisAUir+sgQIMyFqYZc3BD9iFSFUdllLkRyoed6y33aPb73LAMZE2qLB5SuLqFE/fg=="
    },
    "node_modules/ionicons-npm": {
      "version": "2.0.1",
      "resolved": "https://registry.npmjs.org/ionicons-npm/-/ionicons-npm-2.0.1.tgz",
      "integrity": "sha512-QkC+NYCGWUuhrz/2hDqjcTIrH8NMfsy1XgpVtM7+F8xtxcUGtUagdu1ykDcXDnNTKXbniLb0RZp2QlMT5n9k1w=="
    },
    "node_modules/jquery": {
      "version": "3.6.1",
      "resolved": "https://registry.npmjs.org/jquery/-/jquery-3.6.1.tgz",
      "integrity": "sha512-opJeO4nCucVnsjiXOE+/PcCgYw9Gwpvs/a6B1LL/lQhwWwpbVEVYDZ1FokFr8PRc7ghYlrFPuyHuiiDNTQxmcw=="
    },
    "node_modules/jquery-autocomplete": {
      "version": "1.2.8",
      "resolved": "https://registry.npmjs.org/jquery-autocomplete/-/jquery-autocomplete-1.2.8.tgz",
      "integrity": "sha512-dbpkpEglcOnNH6NJPe8NUm4cTBsuyf33xk2Rr69o1ki93XxnKph3HNjEOff/oo+SLKMJQyxO7pQ6ACL2ZrA4JQ=="
    },
    "node_modules/select2": {
      "version": "4.1.0-rc.0",
      "resolved": "https://registry.npmjs.org/select2/-/select2-4.1.0-rc.0.tgz",
      "integrity": "sha512-Hr9TdhyHCZUtwznEH2CBf7967mEM0idtJ5nMtjvk3Up5tPukOLXbHUNmh10oRfeNIhj+3GD3niu+g6sVK+gK0A=="
    },
    "node_modules/sweetalert2": {
      "version": "11.6.16",
      "resolved": "https://registry.npmjs.org/sweetalert2/-/sweetalert2-11.6.16.tgz",
      "integrity": "sha512-T2FO8LptErsjE4r0WMfiSk4YbeUvPadNaUZ/cADMEOnws000znrf8zFX9S5e/spvzJDyRI5En73WQyDZhGypxQ==",
      "funding": {
        "type": "individual",
        "url": "https://github.com/sponsors/limonte"
      }
    },
    "node_modules/tinymce": {
      "version": "6.3.1",
      "resolved": "https://registry.npmjs.org/tinymce/-/tinymce-6.3.1.tgz",
      "integrity": "sha512-+oCwXuTxAdJXVJ0130OxQz0JDNsqg3deuzgeUo8X5Vb27EzCJgXwO5eWvCxvkxpQo4oiHMVlM4tUIpTUHufHGQ=="
    }
  },
  "dependencies": {
    "highcharts": {
      "version": "10.2.1",
      "resolved": "https://registry.npmjs.org/highcharts/-/highcharts-10.2.1.tgz",
      "integrity": "sha512-4QwLQwWc0XdBHXc2Uy6IJisAUir+sgQIMyFqYZc3BD9iFSFUdllLkRyoed6y33aPb73LAMZE2qLB5SuLqFE/fg=="
    },
    "ionicons-npm": {
      "version": "2.0.1",
      "resolved": "https://registry.npmjs.org/ionicons-npm/-/ionicons-npm-2.0.1.tgz",
      "integrity": "sha512-QkC+NYCGWUuhrz/2hDqjcTIrH8NMfsy1XgpVtM7+F8xtxcUGtUagdu1ykDcXDnNTKXbniLb0RZp2QlMT5n9k1w=="
    },
    "jquery": {
      "version": "3.6.1",
      "resolved": "https://registry.npmjs.org/jquery/-/jquery-3.6.1.tgz",
      "integrity": "sha512-opJeO4nCucVnsjiXOE+/PcCgYw9Gwpvs/a6B1LL/lQhwWwpbVEVYDZ1FokFr8PRc7ghYlrFPuyHuiiDNTQxmcw=="
    },
    "jquery-autocomplete": {
      "version": "1.2.8",
      "resolved": "https://registry.npmjs.org/jquery-autocomplete/-/jquery-autocomplete-1.2.8.tgz",
      "integrity": "sha512-dbpkpEglcOnNH6NJPe8NUm4cTBsuyf33xk2Rr69o1ki93XxnKph3HNjEOff/oo+SLKMJQyxO7pQ6ACL2ZrA4JQ=="
    },
    "select2": {
      "version": "4.1.0-rc.0",
      "resolved": "https://registry.npmjs.org/select2/-/select2-4.1.0-rc.0.tgz",
      "integrity": "sha512-Hr9TdhyHCZUtwznEH2CBf7967mEM0idtJ5nMtjvk3Up5tPukOLXbHUNmh10oRfeNIhj+3GD3niu+g6sVK+gK0A=="
    },
    "sweetalert2": {
      "version": "11.6.16",
      "resolved": "https://registry.npmjs.org/sweetalert2/-/sweetalert2-11.6.16.tgz",
      "integrity": "sha512-T2FO8LptErsjE4r0WMfiSk4YbeUvPadNaUZ/cADMEOnws000znrf8zFX9S5e/spvzJDyRI5En73WQyDZhGypxQ=="
    },
    "tinymce": {
      "version": "6.3.1",
      "resolved": "https://registry.npmjs.org/tinymce/-/tinymce-6.3.1.tgz",
      "integrity": "sha512-+oCwXuTxAdJXVJ0130OxQz0JDNsqg3deuzgeUo8X5Vb27EzCJgXwO5eWvCxvkxpQo4oiHMVlM4tUIpTUHufHGQ=="
    }
  }
}
